
Microsoft Visual Studio Solution File, Format Version 12.00
# Visual Studio Version 17
VisualStudioVersion = 17.12.35527.113 d17.12
MinimumVisualStudioVersion = 10.0.40219.1
Project("{FAE04EC0-301F-11D3-BF4B-00C04F79EFBC}") = "IKEA.PL", "IKEA.PL\IKEA.PL.csproj", "{29D6E578-F769-4951-855C-4BD31461C0C8}"
EndProject
Project("{FAE04EC0-301F-11D3-BF4B-00C04F79EFBC}") = "IKEA.BLL", "IKEA.BLL\IKEA.BLL.csproj", "{CCBC2AE0-6781-4CF2-B898-5E426549092C}"
EndProject
Project("{FAE04EC0-301F-11D3-BF4B-00C04F79EFBC}") = "IKEA.DAL", "IKEA.DAL\IKEA.DAL.csproj", "{8923A10C-1CFF-4D53-9F05-6A7488A5DA55}"
EndProject
Global
	GlobalSection(SolutionConfigurationPlatforms) = preSolution
		Debug|Any CPU = Debug|Any CPU
		Release|Any CPU = Release|Any CPU
	EndGlobalSection
	GlobalSection(ProjectConfigurationPlatforms) = postSolution
		{29D6E578-F769-4951-855C-4BD31461C0C8}.Debug|Any CPU.ActiveCfg = Debug|Any CPU
		{29D6E578-F769-4951-855C-4BD31461C0C8}.Debug|Any CPU.Build.0 = Debug|Any CPU
		{29D6E578-F769-4951-855C-4BD31461C0C8}.Release|Any CPU.ActiveCfg = Release|Any CPU
		{29D6E578-F769-4951-855C-4BD31461C0C8}.Release|Any CPU.Build.0 = Release|Any CPU
		{CCBC2AE0-6781-4CF2-B898-5E426549092C}.Debug|Any CPU.ActiveCfg = Debug|Any CPU
		{CCBC2AE0-6781-4CF2-B898-5E426549092C}.Debug|Any CPU.Build.0 = Debug|Any CPU
		{CCBC2AE0-6781-4CF2-B898-5E426549092C}.Release|Any CPU.ActiveCfg = Release|Any CPU
		{CCBC2AE0-6781-4CF2-B898-5E426549092C}.Release|Any CPU.Build.0 = Release|Any CPU
		{8923A10C-1CFF-4D53-9F05-6A7488A5DA55}.Debug|Any CPU.ActiveCfg = Debug|Any CPU
		{8923A10C-1CFF-4D53-9F05-6A7488A5DA55}.Debug|Any CPU.Build.0 = Debug|Any CPU
		{8923A10C-1CFF-4D53-9F05-6A7488A5DA55}.Release|Any CPU.ActiveCfg = Release|Any CPU
		{8923A10C-1CFF-4D53-9F05-6A7488A5DA55}.Release|Any CPU.Build.0 = Release|Any CPU
	EndGlobalSection
	GlobalSection(SolutionProperties) = preSolution
		HideSolutionNode = FALSE
	EndGlobalSection
EndGlobal
